// !$*UTF8*$!
{
	archiveVersion = 1;
	classes = {
	};
	objectVersion = 46;
	objects = {

/* Begin PBXBuildFile section */
		7EACDE1D1C1C9352003E5C9B /* main.m in Sources */ = {isa = PBXBuildFile; fileRef = 7EACDE1C1C1C9352003E5C9B /* main.m */; };
		7EACDE201C1C9352003E5C9B /* AppDelegate.m in Sources */ = {isa = PBXBuildFile; fileRef = 7EACDE1F1C1C9352003E5C9B /* AppDelegate.m */; };
		7EACDE281C1C9352003E5C9B /* Assets.xcassets in Resources */ = {isa = PBXBuildFile; fileRef = 7EACDE271C1C9352003E5C9B /* Assets.xcassets */; };
		7EACDE2B1C1C9352003E5C9B /* LaunchScreen.storyboard in Resources */ = {isa = PBXBuildFile; fileRef = 7EACDE291C1C9352003E5C9B /* LaunchScreen.storyboard */; };
		7EACDE3B1C1C9362003E5C9B /* BIZNavigationSegmentBarViewControllerExtra.m in Sources */ = {isa = PBXBuildFile; fileRef = 7EACDE351C1C9362003E5C9B /* BIZNavigationSegmentBarViewControllerExtra.m */; settings = {ASSET_TAGS = (); }; };
		7EACDE3C1C1C9362003E5C9B /* BIZNavigationSegmentBarViewController.m in Sources */ = {isa = PBXBuildFile; fileRef = 7EACDE371C1C9362003E5C9B /* BIZNavigationSegmentBarViewController.m */; settings = {ASSET_TAGS = (); }; };
		7EACDE3D1C1C9362003E5C9B /* BIZNavigationSegmentBarViewController.xib in Resources */ = {isa = PBXBuildFile; fileRef = 7EACDE381C1C9362003E5C9B /* BIZNavigationSegmentBarViewController.xib */; settings = {ASSET_TAGS = (); }; };
		7EACDE3E1C1C9362003E5C9B /* UINavigationBar+ShadowColor.m in Sources */ = {isa = PBXBuildFile; fileRef = 7EACDE3A1C1C9362003E5C9B /* UINavigationBar+ShadowColor.m */; settings = {ASSET_TAGS = (); }; };
		7EACDE4E1C1C93B7003E5C9B /* ContainerViewController.m in Sources */ = {isa = PBXBuildFile; fileRef = 7EACDE411C1C93B7003E5C9B /* ContainerViewController.m */; settings = {ASSET_TAGS = (); }; };
		7EACDE4F1C1C93B7003E5C9B /* ViewController1.m in Sources */ = {isa = PBXBuildFile; fileRef = 7EACDE431C1C93B7003E5C9B /* ViewController1.m */; settings = {ASSET_TAGS = (); }; };
		7EACDE501C1C93B7003E5C9B /* ViewController1.xib in Resources */ = {isa = PBXBuildFile; fileRef = 7EACDE441C1C93B7003E5C9B /* ViewController1.xib */; settings = {ASSET_TAGS = (); }; };
		7EACDE511C1C93B7003E5C9B /* ViewController2.m in Sources */ = {isa = PBXBuildFile; fileRef = 7EACDE461C1C93B7003E5C9B /* ViewController2.m */; settings = {ASSET_TAGS = (); }; };
		7EACDE521C1C93B7003E5C9B /* ViewController2.xib in Resources */ = {isa = PBXBuildFile; fileRef = 7EACDE471C1C93B7003E5C9B /* ViewController2.xib */; settings = {ASSET_TAGS = (); }; };
		7EACDE531C1C93B7003E5C9B /* ViewController3.m in Sources */ = {isa = PBXBuildFile; fileRef = 7EACDE491C1C93B7003E5C9B /* ViewController3.m */; settings = {ASSET_TAGS = (); }; };
		7EACDE541C1C93B7003E5C9B /* ViewController3.xib in Resources */ = {isa = PBXBuildFile; fileRef = 7EACDE4A1C1C93B7003E5C9B /* ViewController3.xib */; settings = {ASSET_TAGS = (); }; };
		7EACDE551C1C93B7003E5C9B /* ViewController4.m in Sources */ = {isa = PBXBuildFile; fileRef = 7EACDE4C1C1C93B7003E5C9B /* ViewController4.m */; settings = {ASSET_TAGS = (); }; };
		7EACDE561C1C93B7003E5C9B /* ViewController4.xib in Resources */ = {isa = PBXBuildFile; fileRef = 7EACDE4D1C1C93B7003E5C9B /* ViewController4.xib */; settings = {ASSET_TAGS = (); }; };
/* End PBXBuildFile section */

/* Begin PBXFileReference section */
		7EACDE181C1C9352003E5C9B /* ExampleBIZNavigationSegmentBarViewController.app */ = {isa = PBXFileReference; explicitFileType = wrapper.application; includeInIndex = 0; path = ExampleBIZNavigationSegmentBarViewController.app; sourceTree = BUILT_PRODUCTS_DIR; };
		7EACDE1C1C1C9352003E5C9B /* main.m */ = {isa = PBXFileReference; lastKnownFileType = sourcecode.c.objc; path = main.m; sourceTree = "<group>"; };
		7EACDE1E1C1C9352003E5C9B /* AppDelegate.h */ = {isa = PBXFileReference; lastKnownFileType = sourcecode.c.h; path = AppDelegate.h; sourceTree = "<group>"; };
		7EACDE1F1C1C9352003E5C9B /* AppDelegate.m */ = {isa = PBXFileReference; lastKnownFileType = sourcecode.c.objc; path = AppDelegate.m; sourceTree = "<group>"; };
		7EACDE271C1C9352003E5C9B /* Assets.xcassets */ = {isa = PBXFileReference; lastKnownFileType = folder.assetcatalog; path = Assets.xcassets; sourceTree = "<group>"; };
		7EACDE2A1C1C9352003E5C9B /* Base */ = {isa = PBXFileReference; lastKnownFileType = file.storyboard; name = Base; path = Base.lproj/LaunchScreen.storyboard; sourceTree = "<group>"; };
		7EACDE2C1C1C9352003E5C9B /* Info.plist */ = {isa = PBXFileReference; lastKnownFileType = text.plist.xml; path = Info.plist; sourceTree = "<group>"; };
		7EACDE341C1C9362003E5C9B /* BIZNavigationSegmentBarViewControllerExtra.h */ = {isa = PBXFileReference; fileEncoding = 4; lastKnownFileType = sourcecode.c.h; path = BIZNavigationSegmentBarViewControllerExtra.h; sourceTree = "<group>"; };
		7EACDE351C1C9362003E5C9B /* BIZNavigationSegmentBarViewControllerExtra.m */ = {isa = PBXFileReference; fileEncoding = 4; lastKnownFileType = sourcecode.c.objc; path = BIZNavigationSegmentBarViewControllerExtra.m; sourceTree = "<group>"; };
		7EACDE361C1C9362003E5C9B /* BIZNavigationSegmentBarViewController.h */ = {isa = PBXFileReference; fileEncoding = 4; lastKnownFileType = sourcecode.c.h; path = BIZNavigationSegmentBarViewController.h; sourceTree = "<group>"; };
		7EACDE371C1C9362003E5C9B /* BIZNavigationSegmentBarViewController.m */ = {isa = PBXFileReference; fileEncoding = 4; lastKnownFileType = sourcecode.c.objc; path = BIZNavigationSegmentBarViewController.m; sourceTree = "<group>"; };
		7EACDE381C1C9362003E5C9B /* BIZNavigationSegmentBarViewController.xib */ = {isa = PBXFileReference; fileEncoding = 4; lastKnownFileType = file.xib; path = BIZNavigationSegmentBarViewController.xib; sourceTree = "<group>"; };
		7EACDE391C1C9362003E5C9B /* UINavigationBar+ShadowColor.h */ = {isa = PBXFileReference; fileEncoding = 4; lastKnownFileType = sourcecode.c.h; path = "UINavigationBar+ShadowColor.h"; sourceTree = "<group>"; };
		7EACDE3A1C1C9362003E5C9B /* UINavigationBar+ShadowColor.m */ = {isa = PBXFileReference; fileEncoding = 4; lastKnownFileType = sourcecode.c.objc; path = "UINavigationBar+ShadowColor.m"; sourceTree = "<group>"; };
		7EACDE401C1C93B7003E5C9B /* ContainerViewController.h */ = {isa = PBXFileReference; fileEncoding = 4; lastKnownFileType = sourcecode.c.h; path = ContainerViewController.h; sourceTree = "<group>"; };
		7EACDE411C1C93B7003E5C9B /* ContainerViewController.m */ = {isa = PBXFileReference; fileEncoding = 4; lastKnownFileType = sourcecode.c.objc; path = ContainerViewController.m; sourceTree = "<group>"; };
		7EACDE421C1C93B7003E5C9B /* ViewController1.h */ = {isa = PBXFileReference; fileEncoding = 4; lastKnownFileType = sourcecode.c.h; path = ViewController1.h; sourceTree = "<group>"; };
		7EACDE431C1C93B7003E5C9B /* ViewController1.m */ = {isa = PBXFileReference; fileEncoding = 4; lastKnownFileType = sourcecode.c.objc; path = ViewController1.m; sourceTree = "<group>"; };
		7EACDE441C1C93B7003E5C9B /* ViewController1.xib */ = {isa = PBXFileReference; fileEncoding = 4; lastKnownFileType = file.xib; path = ViewController1.xib; sourceTree = "<group>"; };
		7EACDE451C1C93B7003E5C9B /* ViewController2.h */ = {isa = PBXFileReference; fileEncoding = 4; lastKnownFileType = sourcecode.c.h; path = ViewController2.h; sourceTree = "<group>"; };
		7EACDE461C1C93B7003E5C9B /* ViewController2.m */ = {isa = PBXFileReference; fileEncoding = 4; lastKnownFileType = sourcecode.c.objc; path = ViewController2.m; sourceTree = "<group>"; };
		7EACDE471C1C93B7003E5C9B /* ViewController2.xib */ = {isa = PBXFileReference; fileEncoding = 4; lastKnownFileType = file.xib; path = ViewController2.xib; sourceTree = "<group>"; };
		7EACDE481C1C93B7003E5C9B /* ViewController3.h */ = {isa = PBXFileReference; fileEncoding = 4; lastKnownFileType = sourcecode.c.h; path = ViewController3.h; sourceTree = "<group>"; };
		7EACDE491C1C93B7003E5C9B /* ViewController3.m */ = {isa = PBXFileReference; fileEncoding = 4; lastKnownFileType = sourcecode.c.objc; path = ViewController3.m; sourceTree = "<group>"; };
		7EACDE4A1C1C93B7003E5C9B /* ViewController3.xib */ = {isa = PBXFileReference; fileEncoding = 4; lastKnownFileType = file.xib; path = ViewController3.xib; sourceTree = "<group>"; };
		7EACDE4B1C1C93B7003E5C9B /* ViewController4.h */ = {isa = PBXFileReference; fileEncoding = 4; lastKnownFileType = sourcecode.c.h; path = ViewController4.h; sourceTree = "<group>"; };
		7EACDE4C1C1C93B7003E5C9B /* ViewController4.m */ = {isa = PBXFileReference; fileEncoding = 4; lastKnownFileType = sourcecode.c.objc; path = ViewController4.m; sourceTree = "<group>"; };
		7EACDE4D1C1C93B7003E5C9B /* ViewController4.xib */ = {isa = PBXFileReference; fileEncoding = 4; lastKnownFileType = file.xib; path = ViewController4.xib; sourceTree = "<group>"; };
/* End PBXFileReference section */

/* Begin PBXFrameworksBuildPhase section */
		7EACDE151C1C9352003E5C9B /* Frameworks */ = {
			isa = PBXFrameworksBuildPhase;
			buildActionMask = 2147483647;
			files = (
			);
			runOnlyForDeploymentPostprocessing = 0;
		};
/* End PBXFrameworksBuildPhase section */

/* Begin PBXGroup section */
		7EACDE0F1C1C9352003E5C9B = {
			isa = PBXGroup;
			children = (
				7EACDE1A1C1C9352003E5C9B /* ExampleBIZNavigationSegmentBarViewController */,
				7EACDE191C1C9352003E5C9B /* Products */,
			);
			sourceTree = "<group>";
		};
		7EACDE191C1C9352003E5C9B /* Products */ = {
			isa = PBXGroup;
			children = (
				7EACDE181C1C9352003E5C9B /* ExampleBIZNavigationSegmentBarViewController.app */,
			);
			name = Products;
			sourceTree = "<group>";
		};
		7EACDE1A1C1C9352003E5C9B /* ExampleBIZNavigationSegmentBarViewController */ = {
			isa = PBXGroup;
			children = (
				7EACDE321C1C9362003E5C9B /* BIZNavigationSegmentBarViewController */,
				7EACDE3F1C1C93B7003E5C9B /* ViewControllers */,
				7EACDE1B1C1C9352003E5C9B /* Supporting Files */,
			);
			path = ExampleBIZNavigationSegmentBarViewController;
			sourceTree = "<group>";
		};
		7EACDE1B1C1C9352003E5C9B /* Supporting Files */ = {
			isa = PBXGroup;
			children = (
				7EACDE1E1C1C9352003E5C9B /* AppDelegate.h */,
				7EACDE1F1C1C9352003E5C9B /* AppDelegate.m */,
				7EACDE271C1C9352003E5C9B /* Assets.xcassets */,
				7EACDE291C1C9352003E5C9B /* LaunchScreen.storyboard */,
				7EACDE2C1C1C9352003E5C9B /* Info.plist */,
				7EACDE1C1C1C9352003E5C9B /* main.m */,
			);
			name = "Supporting Files";
			sourceTree = "<group>";
		};
		7EACDE321C1C9362003E5C9B /* BIZNavigationSegmentBarViewController */ = {
			isa = PBXGroup;
			children = (
				7EACDE331C1C9362003E5C9B /* BIZNavigationSegmentBarExtra */,
				7EACDE361C1C9362003E5C9B /* BIZNavigationSegmentBarViewController.h */,
				7EACDE371C1C9362003E5C9B /* BIZNavigationSegmentBarViewController.m */,
				7EACDE381C1C9362003E5C9B /* BIZNavigationSegmentBarViewController.xib */,
				7EACDE391C1C9362003E5C9B /* UINavigationBar+ShadowColor.h */,
				7EACDE3A1C1C9362003E5C9B /* UINavigationBar+ShadowColor.m */,
			);
			path = BIZNavigationSegmentBarViewController;
			sourceTree = SOURCE_ROOT;
		};
		7EACDE331C1C9362003E5C9B /* BIZNavigationSegmentBarExtra */ = {
			isa = PBXGroup;
			children = (
				7EACDE341C1C9362003E5C9B /* BIZNavigationSegmentBarViewControllerExtra.h */,
				7EACDE351C1C9362003E5C9B /* BIZNavigationSegmentBarViewControllerExtra.m */,
			);
			path = BIZNavigationSegmentBarExtra;
			sourceTree = "<group>";
		};
		7EACDE3F1C1C93B7003E5C9B /* ViewControllers */ = {
			isa = PBXGroup;
			children = (
				7EACDE401C1C93B7003E5C9B /* ContainerViewController.h */,
				7EACDE411C1C93B7003E5C9B /* ContainerViewController.m */,
				7EACDE421C1C93B7003E5C9B /* ViewController1.h */,
				7EACDE431C1C93B7003E5C9B /* ViewController1.m */,
				7EACDE441C1C93B7003E5C9B /* ViewController1.xib */,
				7EACDE451C1C93B7003E5C9B /* ViewController2.h */,
				7EACDE461C1C93B7003E5C9B /* ViewController2.m */,
				7EACDE471C1C93B7003E5C9B /* ViewController2.xib */,
				7EACDE481C1C93B7003E5C9B /* ViewController3.h */,
				7EACDE491C1C93B7003E5C9B /* ViewController3.m */,
				7EACDE4A1C1C93B7003E5C9B /* ViewController3.xib */,
				7EACDE4B1C1C93B7003E5C9B /* ViewController4.h */,
				7EACDE4C1C1C93B7003E5C9B /* ViewController4.m */,
				7EACDE4D1C1C93B7003E5C9B /* ViewController4.xib */,
			);
			path = ViewControllers;
			sourceTree = "<group>";
		};
/* End PBXGroup section */

/* Begin PBXNativeTarget section */
		7EACDE171C1C9352003E5C9B /* ExampleBIZNavigationSegmentBarViewController */ = {
			isa = PBXNativeTarget;
			buildConfigurationList = 7EACDE2F1C1C9352003E5C9B /* Build configuration list for PBXNativeTarget "ExampleBIZNavigationSegmentBarViewController" */;
			buildPhases = (
				7EACDE141C1C9352003E5C9B /* Sources */,
				7EACDE151C1C9352003E5C9B /* Frameworks */,
				7EACDE161C1C9352003E5C9B /* Resources */,
			);
			buildRules = (
			);
			dependencies = (
			);
			name = ExampleBIZNavigationSegmentBarViewController;
			productName = ExampleBIZNavigationSegmentBarViewController;
			productReference = 7EACDE181C1C9352003E5C9B /* ExampleBIZNavigationSegmentBarViewController.app */;
			productType = "com.apple.product-type.application";
		};
/* End PBXNativeTarget section */

/* Begin PBXProject section */
		7EACDE101C1C9352003E5C9B /* Project object */ = {
			isa = PBXProject;
			attributes = {
				LastUpgradeCheck = 0700;
				ORGANIZATIONNAME = "IgorBizi@mail.ru";
				TargetAttributes = {
					7EACDE171C1C9352003E5C9B = {
						CreatedOnToolsVersion = 7.0;
					};
				};
			};
			buildConfigurationList = 7EACDE131C1C9352003E5C9B /* Build configuration list for PBXProject "ExampleBIZNavigationSegmentBarViewController" */;
			compatibilityVersion = "Xcode 3.2";
			developmentRegion = English;
			hasScannedForEncodings = 0;
			knownRegions = (
				en,
				Base,
			);
			mainGroup = 7EACDE0F1C1C9352003E5C9B;
			productRefGroup = 7EACDE191C1C9352003E5C9B /* Products */;
			projectDirPath = "";
			projectRoot = "";
			targets = (
				7EACDE171C1C9352003E5C9B /* ExampleBIZNavigationSegmentBarViewController */,
			);
		};
/* End PBXProject section */

/* Begin PBXResourcesBuildPhase section */
		7EACDE161C1C9352003E5C9B /* Resources */ = {
			isa = PBXResourcesBuildPhase;
			buildActionMask = 2147483647;
			files = (
				7EACDE541C1C93B7003E5C9B /* ViewController3.xib in Resources */,
				7EACDE521C1C93B7003E5C9B /* ViewController2.xib in Resources */,
				7EACDE501C1C93B7003E5C9B /* ViewController1.xib in Resources */,
				7EACDE2B1C1C9352003E5C9B /* LaunchScreen.storyboard in Resources */,
				7EACDE561C1C93B7003E5C9B /* ViewController4.xib in Resources */,
				7EACDE281C1C9352003E5C9B /* Assets.xcassets in Resources */,
				7EACDE3D1C1C9362003E5C9B /* BIZNavigationSegmentBarViewController.xib in Resources */,
			);
			runOnlyForDeploymentPostprocessing = 0;
		};
/* End PBXResourcesBuildPhase section */

/* Begin PBXSourcesBuildPhase section */
		7EACDE141C1C9352003E5C9B /* Sources */ = {
			isa = PBXSourcesBuildPhase;
			buildActionMask = 2147483647;
			files = (
				7EACDE3C1C1C9362003E5C9B /* BIZNavigationSegmentBarViewController.m in Sources */,
				7EACDE551C1C93B7003E5C9B /* ViewController4.m in Sources */,
				7EACDE4F1C1C93B7003E5C9B /* ViewController1.m in Sources */,
				7EACDE531C1C93B7003E5C9B /* ViewController3.m in Sources */,
				7EACDE201C1C9352003E5C9B /* AppDelegate.m in Sources */,
				7EACDE4E1C1C93B7003E5C9B /* ContainerViewController.m in Sources */,
				7EACDE3E1C1C9362003E5C9B /* UINavigationBar+ShadowColor.m in Sources */,
				7EACDE511C1C93B7003E5C9B /* ViewController2.m in Sources */,
				7EACDE3B1C1C9362003E5C9B /* BIZNavigationSegmentBarViewControllerExtra.m in Sources */,
				7EACDE1D1C1C9352003E5C9B /* main.m in Sources */,
			);
			runOnlyForDeploymentPostprocessing = 0;
		};
/* End PBXSourcesBuildPhase section */

/* Begin PBXVariantGroup section */
		7EACDE291C1C9352003E5C9B /* LaunchScreen.storyboard */ = {
			isa = PBXVariantGroup;
			children = (
				7EACDE2A1C1C9352003E5C9B /* Base */,
			);
			name = LaunchScreen.storyboard;
			sourceTree = "<group>";
		};
/* End PBXVariantGroup section */

/* Begin XCBuildConfiguration section */
		7EACDE2D1C1C9352003E5C9B /* Debug */ = {
			isa = XCBuildConfiguration;
			buildSettings = {
				ALWAYS_SEARCH_USER_PATHS = NO;
				CLANG_CXX_LANGUAGE_STANDARD = "gnu++0x";
				CLANG_CXX_LIBRARY = "libc++";
				CLANG_ENABLE_MODULES = YES;
				CLANG_ENABLE_OBJC_ARC = YES;
				CLANG_WARN_BOOL_CONVERSION = YES;
				CLANG_WARN_CONSTANT_CONVERSION = YES;
				CLANG_WARN_DIRECT_OBJC_ISA_USAGE = YES_ERROR;
				CLANG_WARN_EMPTY_BODY = YES;
				CLANG_WARN_ENUM_CONVERSION = YES;
				CLANG_WARN_INT_CONVERSION = YES;
				CLANG_WARN_OBJC_ROOT_CLASS = YES_ERROR;
				CLANG_WARN_UNREACHABLE_CODE = YES;
				CLANG_WARN__DUPLICATE_METHOD_MATCH = YES;
				"CODE_SIGN_IDENTITY[sdk=iphoneos*]" = "iPhone Developer";
				COPY_PHASE_STRIP = NO;
				DEBUG_INFORMATION_FORMAT = dwarf;
				ENABLE_STRICT_OBJC_MSGSEND = YES;
				ENABLE_TESTABILITY = YES;
				GCC_C_LANGUAGE_STANDARD = gnu99;
				GCC_DYNAMIC_NO_PIC = NO;
				GCC_NO_COMMON_BLOCKS = YES;
				GCC_OPTIMIZATION_LEVEL = 0;
				GCC_PREPROCESSOR_DEFINITIONS = (
					"DEBUG=1",
					"$(inherited)",
				);
				GCC_WARN_64_TO_32_BIT_CONVERSION = YES;
				GCC_WARN_ABOUT_RETURN_TYPE = YES_ERROR;
				GCC_WARN_UNDECLARED_SELECTOR = YES;
				GCC_WARN_UNINITIALIZED_AUTOS = YES_AGGRESSIVE;
				GCC_WARN_UNUSED_FUNCTION = YES;
				GCC_WARN_UNUSED_VARIABLE = YES;
				IPHONEOS_DEPLOYMENT_TARGET = 9.0;
				MTL_ENABLE_DEBUG_INFO = YES;
				ONLY_ACTIVE_ARCH = YES;
				SDKROOT = iphoneos;
			};
			name = Debug;
		};
		7EACDE2E1C1C9352003E5C9B /* Release */ = {
			isa = XCBuildConfiguration;
			buildSettings = {
				ALWAYS_SEARCH_USER_PATHS = NO;
				CLANG_CXX_LANGUAGE_STANDARD = "gnu++0x";
				CLANG_CXX_LIBRARY = "libc++";
				CLANG_ENABLE_MODULES = YES;
				CLANG_ENABLE_OBJC_ARC = YES;
				CLANG_WARN_BOOL_CONVERSION = YES;
				CLANG_WARN_CONSTANT_CONVERSION = YES;
				CLANG_WARN_DIRECT_OBJC_ISA_USAGE = YES_ERROR;
				CLANG_WARN_EMPTY_BODY = YES;
				CLANG_WARN_ENUM_CONVERSION = YES;
				CLANG_WARN_INT_CONVERSION = YES;
				CLANG_WARN_OBJC_ROOT_CLASS = YES_ERROR;
				CLANG_WARN_UNREACHABLE_CODE = YES;
				CLANG_WARN__DUPLICATE_METHOD_MATCH = YES;
				"CODE_SIGN_IDENTITY[sdk=iphoneos*]" = "iPhone Developer";
				COPY_PHASE_STRIP = NO;
				DEBUG_INFORMATION_FORMAT = "dwarf-with-dsym";
				ENABLE_NS_ASSERTIONS = NO;
				ENABLE_STRICT_OBJC_MSGSEND = YES;
				GCC_C_LANGUAGE_STANDARD = gnu99;
				GCC_NO_COMMON_BLOCKS = YES;
				GCC_WARN_64_TO_32_BIT_CONVERSION = YES;
				GCC_WARN_ABOUT_RETURN_TYPE = YES_ERROR;
				GCC_WARN_UNDECLARED_SELECTOR = YES;
				GCC_WARN_UNINITIALIZED_AUTOS = YES_AGGRESSIVE;
				GCC_WARN_UNUSED_FUNCTION = YES;
				GCC_WARN_UNUSED_VARIABLE = YES;
				IPHONEOS_DEPLOYMENT_TARGET = 9.0;
				MTL_ENABLE_DEBUG_INFO = NO;
				SDKROOT = iphoneos;
				VALIDATE_PRODUCT = YES;
			};
			name = Release;
		};
		7EACDE301C1C9352003E5C9B /* Debug */ = {
			isa = XCBuildConfiguration;
			buildSettings = {
				ASSETCATALOG_COMPILER_APPICON_NAME = AppIcon;
				INFOPLIST_FILE = ExampleBIZNavigationSegmentBarViewController/Info.plist;
				LD_RUNPATH_SEARCH_PATHS = "$(inherited) @executable_path/Frameworks";
				PRODUCT_BUNDLE_IDENTIFIER = com.igorbizi.ExampleBIZNavigationSegmentBarViewController;
				PRODUCT_NAME = "$(TARGET_NAME)";
			};
			name = Debug;
		};
		7EACDE311C1C9352003E5C9B /* Release */ = {
			isa = XCBuildConfiguration;
			buildSettings = {
				ASSETCATALOG_COMPILER_APPICON_NAME = AppIcon;
				INFOPLIST_FILE = ExampleBIZNavigationSegmentBarViewController/Info.plist;
				LD_RUNPATH_SEARCH_PATHS = "$(inherited) @executable_path/Frameworks";
				PRODUCT_BUNDLE_IDENTIFIER = com.igorbizi.ExampleBIZNavigationSegmentBarViewController;
				PRODUCT_NAME = "$(TARGET_NAME)";
			};
			name = Release;
		};
/* End XCBuildConfiguration section */

/* Begin XCConfigurationList section */
		7EACDE131C1C9352003E5C9B /* Build configuration list for PBXProject "ExampleBIZNavigationSegmentBarViewController" */ = {
			isa = XCConfigurationList;
			buildConfigurations = (
				7EACDE2D1C1C9352003E5C9B /* Debug */,
				7EACDE2E1C1C9352003E5C9B /* Release */,
			);
			defaultConfigurationIsVisible = 0;
			defaultConfigurationName = Release;
		};
		7EACDE2F1C1C9352003E5C9B /* Build configuration list for PBXNativeTarget "ExampleBIZNavigationSegmentBarViewController" */ = {
			isa = XCConfigurationList;
			buildConfigurations = (
				7EACDE301C1C9352003E5C9B /* Debug */,
				7EACDE311C1C9352003E5C9B /* Release */,
			);
			defaultConfigurationIsVisible = 0;
			defaultConfigurationName = Release;
		};
/* End XCConfigurationList section */
	};
	rootObject = 7EACDE101C1C9352003E5C9B /* Project object */;
}
